
# THIS IS AN AUTOGENERATED FILE. DO NOT EDIT THIS FILE DIRECTLY.
# yarn lockfile v1


"@babel/code-frame@7.0.0", "@babel/code-frame@^7.0.0", "@babel/code-frame@^7.0.0-beta.35":
  version "7.0.0"
  resolved "https://registry.yarnpkg.com/@babel/code-frame/-/code-frame-7.0.0.tgz#06e2ab19bdb535385559aabb5ba59729482800f8"